// !$*UTF8*$!
{
	archiveVersion = 1;
	classes = {
	};
	objectVersion = 51;
	objects = {

/* Begin PBXBuildFile section */
		0703836622EB3100009C24B4 /* RequestAPIData.swift in Sources */ = {isa = PBXBuildFile; fileRef = 0703836522EB3100009C24B4 /* RequestAPIData.swift */; };
		072F7E9F231D49C100E856A2 /* DataIdentifier.swift in Sources */ = {isa = PBXBuildFile; fileRef = 072F7E9E231D49C100E856A2 /* DataIdentifier.swift */; };
		072F7EA1231D49CB00E856A2 /* CellIdentifier.swift in Sources */ = {isa = PBXBuildFile; fileRef = 072F7EA0231D49CB00E856A2 /* CellIdentifier.swift */; };
		072F7EA3231D49E600E856A2 /* ViewData.swift in Sources */ = {isa = PBXBuildFile; fileRef = 072F7EA2231D49E600E856A2 /* ViewData.swift */; };
		072F7EA6231D4B2700E856A2 /* UIFont+.swift in Sources */ = {isa = PBXBuildFile; fileRef = 072F7EA5231D4B2700E856A2 /* UIFont+.swift */; };
		076499332301566700481408 /* UIColor+.swift in Sources */ = {isa = PBXBuildFile; fileRef = 076499322301566700481408 /* UIColor+.swift */; };
		076499372301610500481408 /* CurrencySettingTableViewCell.swift in Sources */ = {isa = PBXBuildFile; fileRef = 076499362301610500481408 /* CurrencySettingTableViewCell.swift */; };
		0764993B2301618000481408 /* CurrencySettingViewController.swift in Sources */ = {isa = PBXBuildFile; fileRef = 0764993A2301618000481408 /* CurrencySettingViewController.swift */; };
		0764993D230161B800481408 /* ViewCellIndex.swift in Sources */ = {isa = PBXBuildFile; fileRef = 0764993C230161B800481408 /* ViewCellIndex.swift */; };
		07ABC7D522EFE8D300F97F67 /* CurrenyTableViewCellDelegate.swift in Sources */ = {isa = PBXBuildFile; fileRef = 07ABC7D422EFE8D300F97F67 /* CurrenyTableViewCellDelegate.swift */; };
		07ABC7D722EFECB900F97F67 /* UIViewSettingProtocol.swift in Sources */ = {isa = PBXBuildFile; fileRef = 07ABC7D622EFECB900F97F67 /* UIViewSettingProtocol.swift */; };
		07ABC7D922EFEDC600F97F67 /* UITableViewCellSettingProtocol.swift in Sources */ = {isa = PBXBuildFile; fileRef = 07ABC7D822EFEDC600F97F67 /* UITableViewCellSettingProtocol.swift */; };
		3802E69522D8619A000F251D /* Assets.xcassets in Resources */ = {isa = PBXBuildFile; fileRef = 3802E69422D8618C000F251D /* Assets.xcassets */; };
		3809EFBE22C8F79C0064A9E5 /* BithumbCurrencies.swift in Sources */ = {isa = PBXBuildFile; fileRef = 3809EFBD22C8F79C0064A9E5 /* BithumbCurrencies.swift */; };
		3840D32322BF9DB600FA865D /* AppDelegate.swift in Sources */ = {isa = PBXBuildFile; fileRef = 3840D32222BF9DB600FA865D /* AppDelegate.swift */; };
		3840D32522BF9DB600FA865D /* MainCurrencyViewController.swift in Sources */ = {isa = PBXBuildFile; fileRef = 3840D32422BF9DB600FA865D /* MainCurrencyViewController.swift */; };
		3840D32822BF9DB600FA865D /* Main.storyboard in Resources */ = {isa = PBXBuildFile; fileRef = 3840D32622BF9DB600FA865D /* Main.storyboard */; };
		3840D32D22BF9DB700FA865D /* LaunchScreen.storyboard in Resources */ = {isa = PBXBuildFile; fileRef = 3840D32B22BF9DB700FA865D /* LaunchScreen.storyboard */; };
		3840D33522BF9EA900FA865D /* MainNavigationController.swift in Sources */ = {isa = PBXBuildFile; fileRef = 3840D33422BF9EA900FA865D /* MainNavigationController.swift */; };
		3840D33722BFA0D500FA865D /* MainCurrencyView.swift in Sources */ = {isa = PBXBuildFile; fileRef = 3840D33622BFA0D500FA865D /* MainCurrencyView.swift */; };
		3840D33922BFABD600FA865D /* MainCurrencyTableViewCell.swift in Sources */ = {isa = PBXBuildFile; fileRef = 3840D33822BFABD600FA865D /* MainCurrencyTableViewCell.swift */; };
		3840D33B22BFB07400FA865D /* MainTableHearderView.swift in Sources */ = {isa = PBXBuildFile; fileRef = 3840D33A22BFB07400FA865D /* MainTableHearderView.swift */; };
		3840D33F22BFC0CD00FA865D /* CommonData.swift in Sources */ = {isa = PBXBuildFile; fileRef = 3840D33E22BFC0CD00FA865D /* CommonData.swift */; };
		3840D34122BFC25C00FA865D /* ExchangeSettingViewController.swift in Sources */ = {isa = PBXBuildFile; fileRef = 3840D34022BFC25C00FA865D /* ExchangeSettingViewController.swift */; };
		3896544C22C9AAC200362A60 /* Exchanges.swift in Sources */ = {isa = PBXBuildFile; fileRef = 3896544B22C9AAC200362A60 /* Exchanges.swift */; };
		3896545022C9F6B200362A60 /* CurrencySettingView.swift in Sources */ = {isa = PBXBuildFile; fileRef = 3896544F22C9F6B200362A60 /* CurrencySettingView.swift */; };
		38BC0F4122C354640057BBC9 /* ExchangeSettingView.swift in Sources */ = {isa = PBXBuildFile; fileRef = 38BC0F4022C354640057BBC9 /* ExchangeSettingView.swift */; };
		38BC0F4622C3600F0057BBC9 /* ExchangeSettingTableViewCell.swift in Sources */ = {isa = PBXBuildFile; fileRef = 38BC0F4522C3600F0057BBC9 /* ExchangeSettingTableViewCell.swift */; };
		38BC0F4822C36FBA0057BBC9 /* ExchangeSettingTableHeaderView.swift in Sources */ = {isa = PBXBuildFile; fileRef = 38BC0F4722C36FBA0057BBC9 /* ExchangeSettingTableHeaderView.swift */; };
		38BC0F4A22C37CD60057BBC9 /* CurrencyAPIData.swift in Sources */ = {isa = PBXBuildFile; fileRef = 38BC0F4922C37CD60057BBC9 /* CurrencyAPIData.swift */; };
		BEA6234E44CCB3244A71D6CF /* Pods_CoinCheck.framework in Frameworks */ = {isa = PBXBuildFile; fileRef = 399C8235BD1B17AB4FF3744A /* Pods_CoinCheck.framework */; };
/* End PBXBuildFile section */

/* Begin PBXFileReference section */
		0703836522EB3100009C24B4 /* RequestAPIData.swift */ = {isa = PBXFileReference; lastKnownFileType = sourcecode.swift; path = RequestAPIData.swift; sourceTree = "<group>"; };
		072F7E9E231D49C100E856A2 /* DataIdentifier.swift */ = {isa = PBXFileReference; lastKnownFileType = sourcecode.swift; path = DataIdentifier.swift; sourceTree = "<group>"; };
		072F7EA0231D49CB00E856A2 /* CellIdentifier.swift */ = {isa = PBXFileReference; lastKnownFileType = sourcecode.swift; name = CellIdentifier.swift; path = ../CellIdentifier.swift; sourceTree = "<group>"; };
		072F7EA2231D49E600E856A2 /* ViewData.swift */ = {isa = PBXFileReference; lastKnownFileType = sourcecode.swift; path = ViewData.swift; sourceTree = "<group>"; };
		072F7EA5231D4B2700E856A2 /* UIFont+.swift */ = {isa = PBXFileReference; lastKnownFileType = sourcecode.swift; path = "UIFont+.swift"; sourceTree = "<group>"; };
		076499322301566700481408 /* UIColor+.swift */ = {isa = PBXFileReference; lastKnownFileType = sourcecode.swift; path = "UIColor+.swift"; sourceTree = "<group>"; };
		076499362301610500481408 /* CurrencySettingTableViewCell.swift */ = {isa = PBXFileReference; fileEncoding = 4; lastKnownFileType = sourcecode.swift; path = CurrencySettingTableViewCell.swift; sourceTree = "<group>"; };
		0764993A2301618000481408 /* CurrencySettingViewController.swift */ = {isa = PBXFileReference; fileEncoding = 4; lastKnownFileType = sourcecode.swift; path = CurrencySettingViewController.swift; sourceTree = "<group>"; };
		0764993C230161B800481408 /* ViewCellIndex.swift */ = {isa = PBXFileReference; lastKnownFileType = sourcecode.swift; path = ViewCellIndex.swift; sourceTree = "<group>"; };
		07ABC7D422EFE8D300F97F67 /* CurrenyTableViewCellDelegate.swift */ = {isa = PBXFileReference; lastKnownFileType = sourcecode.swift; path = CurrenyTableViewCellDelegate.swift; sourceTree = "<group>"; };
		07ABC7D622EFECB900F97F67 /* UIViewSettingProtocol.swift */ = {isa = PBXFileReference; lastKnownFileType = sourcecode.swift; path = UIViewSettingProtocol.swift; sourceTree = "<group>"; };
		07ABC7D822EFEDC600F97F67 /* UITableViewCellSettingProtocol.swift */ = {isa = PBXFileReference; lastKnownFileType = sourcecode.swift; path = UITableViewCellSettingProtocol.swift; sourceTree = "<group>"; };
		23832D191D586499B1C0C7B9 /* Pods-CoinCheck.debug.xcconfig */ = {isa = PBXFileReference; includeInIndex = 1; lastKnownFileType = text.xcconfig; name = "Pods-CoinCheck.debug.xcconfig"; path = "Target Support Files/Pods-CoinCheck/Pods-CoinCheck.debug.xcconfig"; sourceTree = "<group>"; };
		3802E69422D8618C000F251D /* Assets.xcassets */ = {isa = PBXFileReference; lastKnownFileType = folder.assetcatalog; path = Assets.xcassets; sourceTree = "<group>"; };
		3809EFBD22C8F79C0064A9E5 /* BithumbCurrencies.swift */ = {isa = PBXFileReference; lastKnownFileType = sourcecode.swift; path = BithumbCurrencies.swift; sourceTree = "<group>"; };
		3840D31F22BF9DB600FA865D /* CoinCheck.app */ = {isa = PBXFileReference; explicitFileType = wrapper.application; includeInIndex = 0; path = CoinCheck.app; sourceTree = BUILT_PRODUCTS_DIR; };
		3840D32222BF9DB600FA865D /* AppDelegate.swift */ = {isa = PBXFileReference; lastKnownFileType = sourcecode.swift; path = AppDelegate.swift; sourceTree = "<group>"; };
		3840D32422BF9DB600FA865D /* MainCurrencyViewController.swift */ = {isa = PBXFileReference; lastKnownFileType = sourcecode.swift; path = MainCurrencyViewController.swift; sourceTree = "<group>"; };
		3840D32722BF9DB600FA865D /* Base */ = {isa = PBXFileReference; lastKnownFileType = file.storyboard; name = Base; path = Base.lproj/Main.storyboard; sourceTree = "<group>"; };
		3840D32C22BF9DB700FA865D /* Base */ = {isa = PBXFileReference; lastKnownFileType = file.storyboard; name = Base; path = Base.lproj/LaunchScreen.storyboard; sourceTree = "<group>"; };
		3840D32E22BF9DB700FA865D /* Info.plist */ = {isa = PBXFileReference; lastKnownFileType = text.plist.xml; path = Info.plist; sourceTree = "<group>"; };
		3840D33422BF9EA900FA865D /* MainNavigationController.swift */ = {isa = PBXFileReference; lastKnownFileType = sourcecode.swift; path = MainNavigationController.swift; sourceTree = "<group>"; };
		3840D33622BFA0D500FA865D /* MainCurrencyView.swift */ = {isa = PBXFileReference; lastKnownFileType = sourcecode.swift; path = MainCurrencyView.swift; sourceTree = "<group>"; };
		3840D33822BFABD600FA865D /* MainCurrencyTableViewCell.swift */ = {isa = PBXFileReference; lastKnownFileType = sourcecode.swift; path = MainCurrencyTableViewCell.swift; sourceTree = "<group>"; };
		3840D33A22BFB07400FA865D /* MainTableHearderView.swift */ = {isa = PBXFileReference; lastKnownFileType = sourcecode.swift; path = MainTableHearderView.swift; sourceTree = "<group>"; };
		3840D33E22BFC0CD00FA865D /* CommonData.swift */ = {isa = PBXFileReference; lastKnownFileType = sourcecode.swift; path = CommonData.swift; sourceTree = "<group>"; };
		3840D34022BFC25C00FA865D /* ExchangeSettingViewController.swift */ = {isa = PBXFileReference; lastKnownFileType = sourcecode.swift; path = ExchangeSettingViewController.swift; sourceTree = "<group>"; };
		3896544B22C9AAC200362A60 /* Exchanges.swift */ = {isa = PBXFileReference; lastKnownFileType = sourcecode.swift; path = Exchanges.swift; sourceTree = "<group>"; };
		3896544F22C9F6B200362A60 /* CurrencySettingView.swift */ = {isa = PBXFileReference; lastKnownFileType = sourcecode.swift; path = CurrencySettingView.swift; sourceTree = "<group>"; };
		38BC0F4022C354640057BBC9 /* ExchangeSettingView.swift */ = {isa = PBXFileReference; lastKnownFileType = sourcecode.swift; path = ExchangeSettingView.swift; sourceTree = "<group>"; };
		38BC0F4522C3600F0057BBC9 /* ExchangeSettingTableViewCell.swift */ = {isa = PBXFileReference; lastKnownFileType = sourcecode.swift; path = ExchangeSettingTableViewCell.swift; sourceTree = "<group>"; };
		38BC0F4722C36FBA0057BBC9 /* ExchangeSettingTableHeaderView.swift */ = {isa = PBXFileReference; lastKnownFileType = sourcecode.swift; path = ExchangeSettingTableHeaderView.swift; sourceTree = "<group>"; };
		38BC0F4922C37CD60057BBC9 /* CurrencyAPIData.swift */ = {isa = PBXFileReference; lastKnownFileType = sourcecode.swift; path = CurrencyAPIData.swift; sourceTree = "<group>"; };
		399C8235BD1B17AB4FF3744A /* Pods_CoinCheck.framework */ = {isa = PBXFileReference; explicitFileType = wrapper.framework; includeInIndex = 0; path = Pods_CoinCheck.framework; sourceTree = BUILT_PRODUCTS_DIR; };
		E3AC2D4B575F5DCA9BB368BE /* Pods-CoinCheck.release.xcconfig */ = {isa = PBXFileReference; includeInIndex = 1; lastKnownFileType = text.xcconfig; name = "Pods-CoinCheck.release.xcconfig"; path = "Target Support Files/Pods-CoinCheck/Pods-CoinCheck.release.xcconfig"; sourceTree = "<group>"; };
/* End PBXFileReference section */

/* Begin PBXFrameworksBuildPhase section */
		3840D31C22BF9DB600FA865D /* Frameworks */ = {
			isa = PBXFrameworksBuildPhase;
			buildActionMask = 2147483647;
			files = (
				BEA6234E44CCB3244A71D6CF /* Pods_CoinCheck.framework in Frameworks */,
			);
			runOnlyForDeploymentPostprocessing = 0;
		};
/* End PBXFrameworksBuildPhase section */

/* Begin PBXGroup section */
		072F7E9D231D488800E856A2 /* Constant */ = {
			isa = PBXGroup;
			children = (
				072F7E9E231D49C100E856A2 /* DataIdentifier.swift */,
				072F7EA2231D49E600E856A2 /* ViewData.swift */,
				072F7EA0231D49CB00E856A2 /* CellIdentifier.swift */,
			);
			path = Constant;
			sourceTree = "<group>";
		};
		072F7EA4231D4B1600E856A2 /* Extension */ = {
			isa = PBXGroup;
			children = (
				076499322301566700481408 /* UIColor+.swift */,
				072F7EA5231D4B2700E856A2 /* UIFont+.swift */,
			);
			path = Extension;
			sourceTree = "<group>";
		};
		0764993123014F6400481408 /* Model */ = {
			isa = PBXGroup;
			children = (
				3840D33E22BFC0CD00FA865D /* CommonData.swift */,
				38BC0F4922C37CD60057BBC9 /* CurrencyAPIData.swift */,
				3809EFBD22C8F79C0064A9E5 /* BithumbCurrencies.swift */,
				3896544B22C9AAC200362A60 /* Exchanges.swift */,
				072F7EA4231D4B1600E856A2 /* Extension */,
				0703836522EB3100009C24B4 /* RequestAPIData.swift */,
				0764993C230161B800481408 /* ViewCellIndex.swift */,
				072F7E9D231D488800E856A2 /* Constant */,
				07ABC7D322EFE86000F97F67 /* Protocol */,
			);
			name = Model;
			sourceTree = "<group>";
		};
		076499382301613B00481408 /* ExchangeSettingView */ = {
			isa = PBXGroup;
			children = (
				38BC0F4022C354640057BBC9 /* ExchangeSettingView.swift */,
				38BC0F4522C3600F0057BBC9 /* ExchangeSettingTableViewCell.swift */,
				38BC0F4722C36FBA0057BBC9 /* ExchangeSettingTableHeaderView.swift */,
			);
			name = ExchangeSettingView;
			sourceTree = "<group>";
		};
		076499392301614800481408 /* CurrencySettingView */ = {
			isa = PBXGroup;
			children = (
				3896544F22C9F6B200362A60 /* CurrencySettingView.swift */,
				076499362301610500481408 /* CurrencySettingTableViewCell.swift */,
			);
			name = CurrencySettingView;
			sourceTree = "<group>";
		};
		07ABC7D322EFE86000F97F67 /* Protocol */ = {
			isa = PBXGroup;
			children = (
				07ABC7D422EFE8D300F97F67 /* CurrenyTableViewCellDelegate.swift */,
				07ABC7D622EFECB900F97F67 /* UIViewSettingProtocol.swift */,
				07ABC7D822EFEDC600F97F67 /* UITableViewCellSettingProtocol.swift */,
			);
			name = Protocol;
			sourceTree = "<group>";
		};
		3840D31622BF9DB600FA865D = {
			isa = PBXGroup;
			children = (
				3840D32122BF9DB600FA865D /* CoinCheck */,
				3840D32022BF9DB600FA865D /* Products */,
				3802E69422D8618C000F251D /* Assets.xcassets */,
				A280C93AB597455E5B78706C /* Pods */,
				6AC1A7CA925705FEE54E3A6D /* Frameworks */,
			);
			sourceTree = "<group>";
		};
		3840D32022BF9DB600FA865D /* Products */ = {
			isa = PBXGroup;
			children = (
				3840D31F22BF9DB600FA865D /* CoinCheck.app */,
			);
			name = Products;
			sourceTree = "<group>";
		};
		3840D32122BF9DB600FA865D /* CoinCheck */ = {
			isa = PBXGroup;
			children = (
				3840D32222BF9DB600FA865D /* AppDelegate.swift */,
				0764993123014F6400481408 /* Model */,
				38BC0F3F22C353EC0057BBC9 /* Controller */,
				38BC0F3E22C353E20057BBC9 /* View */,
				3840D32622BF9DB600FA865D /* Main.storyboard */,
				3840D32B22BF9DB700FA865D /* LaunchScreen.storyboard */,
				3840D32E22BF9DB700FA865D /* Info.plist */,
			);
			path = CoinCheck;
			sourceTree = "<group>";
		};
		38BC0F3E22C353E20057BBC9 /* View */ = {
			isa = PBXGroup;
			children = (
				38BC0F4322C35FE90057BBC9 /* MainCurrencyView */,
				38BC0F4422C35FF80057BBC9 /* SubView */,
			);
			name = View;
			sourceTree = "<group>";
		};
		38BC0F3F22C353EC0057BBC9 /* Controller */ = {
			isa = PBXGroup;
			children = (
				3840D33422BF9EA900FA865D /* MainNavigationController.swift */,
				3840D32422BF9DB600FA865D /* MainCurrencyViewController.swift */,
				3840D34022BFC25C00FA865D /* ExchangeSettingViewController.swift */,
				0764993A2301618000481408 /* CurrencySettingViewController.swift */,
			);
			name = Controller;
			sourceTree = "<group>";
		};
		38BC0F4322C35FE90057BBC9 /* MainCurrencyView */ = {
			isa = PBXGroup;
			children = (
				3840D33622BFA0D500FA865D /* MainCurrencyView.swift */,
				3840D33A22BFB07400FA865D /* MainTableHearderView.swift */,
				3840D33822BFABD600FA865D /* MainCurrencyTableViewCell.swift */,
			);
			name = MainCurrencyView;
			sourceTree = "<group>";
		};
		38BC0F4422C35FF80057BBC9 /* SubView */ = {
			isa = PBXGroup;
			children = (
				076499382301613B00481408 /* ExchangeSettingView */,
				076499392301614800481408 /* CurrencySettingView */,
			);
			name = SubView;
			sourceTree = "<group>";
		};
		6AC1A7CA925705FEE54E3A6D /* Frameworks */ = {
			isa = PBXGroup;
			children = (
				399C8235BD1B17AB4FF3744A /* Pods_CoinCheck.framework */,
			);
			name = Frameworks;
			sourceTree = "<group>";
		};
		A280C93AB597455E5B78706C /* Pods */ = {
			isa = PBXGroup;
			children = (
				23832D191D586499B1C0C7B9 /* Pods-CoinCheck.debug.xcconfig */,
				E3AC2D4B575F5DCA9BB368BE /* Pods-CoinCheck.release.xcconfig */,
			);
			path = Pods;
			sourceTree = "<group>";
		};
/* End PBXGroup section */

/* Begin PBXNativeTarget section */
		3840D31E22BF9DB600FA865D /* CoinCheck */ = {
			isa = PBXNativeTarget;
			buildConfigurationList = 3840D33122BF9DB700FA865D /* Build configuration list for PBXNativeTarget "CoinCheck" */;
			buildPhases = (
				C2BBAC20E29F1AB82B604FCF /* [CP] Check Pods Manifest.lock */,
				3840D31B22BF9DB600FA865D /* Sources */,
				3840D31C22BF9DB600FA865D /* Frameworks */,
				3840D31D22BF9DB600FA865D /* Resources */,
				BC58F83B911B3543D0A274BA /* [CP] Embed Pods Frameworks */,
			);
			buildRules = (
			);
			dependencies = (
			);
			name = CoinCheck;
			productName = CoinCheck;
			productReference = 3840D31F22BF9DB600FA865D /* CoinCheck.app */;
			productType = "com.apple.product-type.application";
		};
/* End PBXNativeTarget section */

/* Begin PBXProject section */
		3840D31722BF9DB600FA865D /* Project object */ = {
			isa = PBXProject;
			attributes = {
				LastSwiftUpdateCheck = 1020;
				LastUpgradeCheck = 1020;
				ORGANIZATIONNAME = "Min Kyeong Tae";
				TargetAttributes = {
					3840D31E22BF9DB600FA865D = {
						CreatedOnToolsVersion = 10.2.1;
					};
				};
			};
			buildConfigurationList = 3840D31A22BF9DB600FA865D /* Build configuration list for PBXProject "CoinCheck" */;
			compatibilityVersion = "Xcode 9.3";
			developmentRegion = en;
			hasScannedForEncodings = 0;
			knownRegions = (
				en,
				Base,
			);
			mainGroup = 3840D31622BF9DB600FA865D;
			productRefGroup = 3840D32022BF9DB600FA865D /* Products */;
			projectDirPath = "";
			projectRoot = "";
			targets = (
				3840D31E22BF9DB600FA865D /* CoinCheck */,
			);
		};
/* End PBXProject section */

/* Begin PBXResourcesBuildPhase section */
		3840D31D22BF9DB600FA865D /* Resources */ = {
			isa = PBXResourcesBuildPhase;
			buildActionMask = 2147483647;
			files = (
				3840D32D22BF9DB700FA865D /* LaunchScreen.storyboard in Resources */,
				3802E69522D8619A000F251D /* Assets.xcassets in Resources */,
				3840D32822BF9DB600FA865D /* Main.storyboard in Resources */,
			);
			runOnlyForDeploymentPostprocessing = 0;
		};
/* End PBXResourcesBuildPhase section */

/* Begin PBXShellScriptBuildPhase section */
		BC58F83B911B3543D0A274BA /* [CP] Embed Pods Frameworks */ = {
			isa = PBXShellScriptBuildPhase;
			buildActionMask = 2147483647;
			files = (
			);
			inputFileListPaths = (
				"${PODS_ROOT}/Target Support Files/Pods-CoinCheck/Pods-CoinCheck-frameworks-${CONFIGURATION}-input-files.xcfilelist",
			);
			name = "[CP] Embed Pods Frameworks";
			outputFileListPaths = (
				"${PODS_ROOT}/Target Support Files/Pods-CoinCheck/Pods-CoinCheck-frameworks-${CONFIGURATION}-output-files.xcfilelist",
			);
			runOnlyForDeploymentPostprocessing = 0;
			shellPath = /bin/sh;
			shellScript = "\"${PODS_ROOT}/Target Support Files/Pods-CoinCheck/Pods-CoinCheck-frameworks.sh\"\n";
			showEnvVarsInLog = 0;
		};
		C2BBAC20E29F1AB82B604FCF /* [CP] Check Pods Manifest.lock */ = {
			isa = PBXShellScriptBuildPhase;
			buildActionMask = 2147483647;
			files = (
			);
			inputFileListPaths = (
			);
			inputPaths = (
				"${PODS_PODFILE_DIR_PATH}/Podfile.lock",
				"${PODS_ROOT}/Manifest.lock",
			);
			name = "[CP] Check Pods Manifest.lock";
			outputFileListPaths = (
			);
			outputPaths = (
				"$(DERIVED_FILE_DIR)/Pods-CoinCheck-checkManifestLockResult.txt",
			);
			runOnlyForDeploymentPostprocessing = 0;
			shellPath = /bin/sh;
			shellScript = "diff \"${PODS_PODFILE_DIR_PATH}/Podfile.lock\" \"${PODS_ROOT}/Manifest.lock\" > /dev/null\nif [ $? != 0 ] ; then\n    # print error to STDERR\n    echo \"error: The sandbox is not in sync with the Podfile.lock. Run 'pod install' or update your CocoaPods installation.\" >&2\n    exit 1\nfi\n# This output is used by Xcode 'outputs' to avoid re-running this script phase.\necho \"SUCCESS\" > \"${SCRIPT_OUTPUT_FILE_0}\"\n";
			showEnvVarsInLog = 0;
		};
/* End PBXShellScriptBuildPhase section */

/* Begin PBXSourcesBuildPhase section */
		3840D31B22BF9DB600FA865D /* Sources */ = {
			isa = PBXSourcesBuildPhase;
			buildActionMask = 2147483647;
			files = (
				38BC0F4A22C37CD60057BBC9 /* CurrencyAPIData.swift in Sources */,
				072F7EA6231D4B2700E856A2 /* UIFont+.swift in Sources */,
				07ABC7D922EFEDC600F97F67 /* UITableViewCellSettingProtocol.swift in Sources */,
				38BC0F4622C3600F0057BBC9 /* ExchangeSettingTableViewCell.swift in Sources */,
				3896545022C9F6B200362A60 /* CurrencySettingView.swift in Sources */,
				072F7EA3231D49E600E856A2 /* ViewData.swift in Sources */,
				3840D33B22BFB07400FA865D /* MainTableHearderView.swift in Sources */,
				07ABC7D522EFE8D300F97F67 /* CurrenyTableViewCellDelegate.swift in Sources */,
				072F7E9F231D49C100E856A2 /* DataIdentifier.swift in Sources */,
				3840D33522BF9EA900FA865D /* MainNavigationController.swift in Sources */,
				0764993B2301618000481408 /* CurrencySettingViewController.swift in Sources */,
				3896544C22C9AAC200362A60 /* Exchanges.swift in Sources */,
				0764993D230161B800481408 /* ViewCellIndex.swift in Sources */,
				0703836622EB3100009C24B4 /* RequestAPIData.swift in Sources */,
				38BC0F4822C36FBA0057BBC9 /* ExchangeSettingTableHeaderView.swift in Sources */,
				076499332301566700481408 /* UIColor+.swift in Sources */,
				3809EFBE22C8F79C0064A9E5 /* BithumbCurrencies.swift in Sources */,
				3840D33722BFA0D500FA865D /* MainCurrencyView.swift in Sources */,
				38BC0F4122C354640057BBC9 /* ExchangeSettingView.swift in Sources */,
				3840D32522BF9DB600FA865D /* MainCurrencyViewController.swift in Sources */,
				076499372301610500481408 /* CurrencySettingTableViewCell.swift in Sources */,
				07ABC7D722EFECB900F97F67 /* UIViewSettingProtocol.swift in Sources */,
				3840D34122BFC25C00FA865D /* ExchangeSettingViewController.swift in Sources */,
				3840D32322BF9DB600FA865D /* AppDelegate.swift in Sources */,
				072F7EA1231D49CB00E856A2 /* CellIdentifier.swift in Sources */,
				3840D33F22BFC0CD00FA865D /* CommonData.swift in Sources */,
				3840D33922BFABD600FA865D /* MainCurrencyTableViewCell.swift in Sources */,
			);
			runOnlyForDeploymentPostprocessing = 0;
		};
/* End PBXSourcesBuildPhase section */

/* Begin PBXVariantGroup section */
		3840D32622BF9DB600FA865D /* Main.storyboard */ = {
			isa = PBXVariantGroup;
			children = (
				3840D32722BF9DB600FA865D /* Base */,
			);
			name = Main.storyboard;
			sourceTree = "<group>";
		};
		3840D32B22BF9DB700FA865D /* LaunchScreen.storyboard */ = {
			isa = PBXVariantGroup;
			children = (
				3840D32C22BF9DB700FA865D /* Base */,
			);
			name = LaunchScreen.storyboard;
			sourceTree = "<group>";
		};
/* End PBXVariantGroup section */

/* Begin XCBuildConfiguration section */
		3840D32F22BF9DB700FA865D /* Debug */ = {
			isa = XCBuildConfiguration;
			buildSettings = {
				ALWAYS_SEARCH_USER_PATHS = NO;
				CLANG_ANALYZER_NONNULL = YES;
				CLANG_ANALYZER_NUMBER_OBJECT_CONVERSION = YES_AGGRESSIVE;
				CLANG_CXX_LANGUAGE_STANDARD = "gnu++14";
				CLANG_CXX_LIBRARY = "libc++";
				CLANG_ENABLE_MODULES = YES;
				CLANG_ENABLE_OBJC_ARC = YES;
				CLANG_ENABLE_OBJC_WEAK = YES;
				CLANG_WARN_BLOCK_CAPTURE_AUTORELEASING = YES;
				CLANG_WARN_BOOL_CONVERSION = YES;
				CLANG_WARN_COMMA = YES;
				CLANG_WARN_CONSTANT_CONVERSION = YES;
				CLANG_WARN_DEPRECATED_OBJC_IMPLEMENTATIONS = YES;
				CLANG_WARN_DIRECT_OBJC_ISA_USAGE = YES_ERROR;
				CLANG_WARN_DOCUMENTATION_COMMENTS = YES;
				CLANG_WARN_EMPTY_BODY = YES;
				CLANG_WARN_ENUM_CONVERSION = YES;
				CLANG_WARN_INFINITE_RECURSION = YES;
				CLANG_WARN_INT_CONVERSION = YES;
				CLANG_WARN_NON_LITERAL_NULL_CONVERSION = YES;
				CLANG_WARN_OBJC_IMPLICIT_RETAIN_SELF = YES;
				CLANG_WARN_OBJC_LITERAL_CONVERSION = YES;
				CLANG_WARN_OBJC_ROOT_CLASS = YES_ERROR;
				CLANG_WARN_RANGE_LOOP_ANALYSIS = YES;
				CLANG_WARN_STRICT_PROTOTYPES = YES;
				CLANG_WARN_SUSPICIOUS_MOVE = YES;
				CLANG_WARN_UNGUARDED_AVAILABILITY = YES_AGGRESSIVE;
				CLANG_WARN_UNREACHABLE_CODE = YES;
				CLANG_WARN__DUPLICATE_METHOD_MATCH = YES;
				CODE_SIGN_IDENTITY = "iPhone Developer";
				COPY_PHASE_STRIP = NO;
				DEBUG_INFORMATION_FORMAT = dwarf;
				ENABLE_STRICT_OBJC_MSGSEND = YES;
				ENABLE_TESTABILITY = YES;
				GCC_C_LANGUAGE_STANDARD = gnu11;
				GCC_DYNAMIC_NO_PIC = NO;
				GCC_NO_COMMON_BLOCKS = YES;
				GCC_OPTIMIZATION_LEVEL = 0;
				GCC_PREPROCESSOR_DEFINITIONS = (
					"DEBUG=1",
					"$(inherited)",
				);
				GCC_WARN_64_TO_32_BIT_CONVERSION = YES;
				GCC_WARN_ABOUT_RETURN_TYPE = YES_ERROR;
				GCC_WARN_UNDECLARED_SELECTOR = YES;
				GCC_WARN_UNINITIALIZED_AUTOS = YES_AGGRESSIVE;
				GCC_WARN_UNUSED_FUNCTION = YES;
				GCC_WARN_UNUSED_VARIABLE = YES;
				IPHONEOS_DEPLOYMENT_TARGET = 12.2;
				MTL_ENABLE_DEBUG_INFO = INCLUDE_SOURCE;
				MTL_FAST_MATH = YES;
				ONLY_ACTIVE_ARCH = YES;
				SDKROOT = iphoneos;
				SWIFT_ACTIVE_COMPILATION_CONDITIONS = DEBUG;
				SWIFT_OPTIMIZATION_LEVEL = "-Onone";
			};
			name = Debug;
		};
		3840D33022BF9DB700FA865D /* Release */ = {
			isa = XCBuildConfiguration;
			buildSettings = {
				ALWAYS_SEARCH_USER_PATHS = NO;
				CLANG_ANALYZER_NONNULL = YES;
				CLANG_ANALYZER_NUMBER_OBJECT_CONVERSION = YES_AGGRESSIVE;
				CLANG_CXX_LANGUAGE_STANDARD = "gnu++14";
				CLANG_CXX_LIBRARY = "libc++";
				CLANG_ENABLE_MODULES = YES;
				CLANG_ENABLE_OBJC_ARC = YES;
				CLANG_ENABLE_OBJC_WEAK = YES;
				CLANG_WARN_BLOCK_CAPTURE_AUTORELEASING = YES;
				CLANG_WARN_BOOL_CONVERSION = YES;
				CLANG_WARN_COMMA = YES;
				CLANG_WARN_CONSTANT_CONVERSION = YES;
				CLANG_WARN_DEPRECATED_OBJC_IMPLEMENTATIONS = YES;
				CLANG_WARN_DIRECT_OBJC_ISA_USAGE = YES_ERROR;
				CLANG_WARN_DOCUMENTATION_COMMENTS = YES;
				CLANG_WARN_EMPTY_BODY = YES;
				CLANG_WARN_ENUM_CONVERSION = YES;
				CLANG_WARN_INFINITE_RECURSION = YES;
				CLANG_WARN_INT_CONVERSION = YES;
				CLANG_WARN_NON_LITERAL_NULL_CONVERSION = YES;
				CLANG_WARN_OBJC_IMPLICIT_RETAIN_SELF = YES;
				CLANG_WARN_OBJC_LITERAL_CONVERSION = YES;
				CLANG_WARN_OBJC_ROOT_CLASS = YES_ERROR;
				CLANG_WARN_RANGE_LOOP_ANALYSIS = YES;
				CLANG_WARN_STRICT_PROTOTYPES = YES;
				CLANG_WARN_SUSPICIOUS_MOVE = YES;
				CLANG_WARN_UNGUARDED_AVAILABILITY = YES_AGGRESSIVE;
				CLANG_WARN_UNREACHABLE_CODE = YES;
				CLANG_WARN__DUPLICATE_METHOD_MATCH = YES;
				CODE_SIGN_IDENTITY = "iPhone Developer";
				COPY_PHASE_STRIP = NO;
				DEBUG_INFORMATION_FORMAT = "dwarf-with-dsym";
				ENABLE_NS_ASSERTIONS = NO;
				ENABLE_STRICT_OBJC_MSGSEND = YES;
				GCC_C_LANGUAGE_STANDARD = gnu11;
				GCC_NO_COMMON_BLOCKS = YES;
				GCC_WARN_64_TO_32_BIT_CONVERSION = YES;
				GCC_WARN_ABOUT_RETURN_TYPE = YES_ERROR;
				GCC_WARN_UNDECLARED_SELECTOR = YES;
				GCC_WARN_UNINITIALIZED_AUTOS = YES_AGGRESSIVE;
				GCC_WARN_UNUSED_FUNCTION = YES;
				GCC_WARN_UNUSED_VARIABLE = YES;
				IPHONEOS_DEPLOYMENT_TARGET = 12.2;
				MTL_ENABLE_DEBUG_INFO = NO;
				MTL_FAST_MATH = YES;
				SDKROOT = iphoneos;
				SWIFT_COMPILATION_MODE = wholemodule;
				SWIFT_OPTIMIZATION_LEVEL = "-O";
				VALIDATE_PRODUCT = YES;
			};
			name = Release;
		};
		3840D33222BF9DB700FA865D /* Debug */ = {
			isa = XCBuildConfiguration;
			baseConfigurationReference = 23832D191D586499B1C0C7B9 /* Pods-CoinCheck.debug.xcconfig */;
			buildSettings = {
				ASSETCATALOG_COMPILER_APPICON_NAME = AppIcon;
				CODE_SIGN_STYLE = Automatic;
				DEVELOPMENT_TEAM = NF9G85TZ2T;
				INFOPLIST_FILE = CoinCheck/Info.plist;
				LD_RUNPATH_SEARCH_PATHS = (
					"$(inherited)",
					"@executable_path/Frameworks",
				);
				PRODUCT_BUNDLE_IDENTIFIER = com.ourtrees.myProfile.CoinCheck;
				PRODUCT_NAME = "$(TARGET_NAME)";
				SWIFT_VERSION = 5.0;
				TARGETED_DEVICE_FAMILY = 1;
			};
			name = Debug;
		};
		3840D33322BF9DB700FA865D /* Release */ = {
			isa = XCBuildConfiguration;
			baseConfigurationReference = E3AC2D4B575F5DCA9BB368BE /* Pods-CoinCheck.release.xcconfig */;
			buildSettings = {
				ASSETCATALOG_COMPILER_APPICON_NAME = AppIcon;
				CODE_SIGN_STYLE = Automatic;
				DEVELOPMENT_TEAM = NF9G85TZ2T;
				INFOPLIST_FILE = CoinCheck/Info.plist;
				LD_RUNPATH_SEARCH_PATHS = (
					"$(inherited)",
					"@executable_path/Frameworks",
				);
				PRODUCT_BUNDLE_IDENTIFIER = com.ourtrees.myProfile.CoinCheck;
				PRODUCT_NAME = "$(TARGET_NAME)";
				SWIFT_VERSION = 5.0;
				TARGETED_DEVICE_FAMILY = 1;
			};
			name = Release;
		};
/* End XCBuildConfiguration section */

/* Begin XCConfigurationList section */
		3840D31A22BF9DB600FA865D /* Build configuration list for PBXProject "CoinCheck" */ = {
			isa = XCConfigurationList;
			buildConfigurations = (
				3840D32F22BF9DB700FA865D /* Debug */,
				3840D33022BF9DB700FA865D /* Release */,
			);
			defaultConfigurationIsVisible = 0;
			defaultConfigurationName = Release;
		};
		3840D33122BF9DB700FA865D /* Build configuration list for PBXNativeTarget "CoinCheck" */ = {
			isa = XCConfigurationList;
			buildConfigurations = (
				3840D33222BF9DB700FA865D /* Debug */,
				3840D33322BF9DB700FA865D /* Release */,
			);
			defaultConfigurationIsVisible = 0;
			defaultConfigurationName = Release;
		};
/* End XCConfigurationList section */
	};
	rootObject = 3840D31722BF9DB600FA865D /* Project object */;
}
